
Microsoft Visual Studio Solution File, Format Version 12.00
# Visual Studio Version 17
VisualStudioVersion = 17.2.32526.322
MinimumVisualStudioVersion = 10.0.40219.1
Project("{FAE04EC0-301F-11D3-BF4B-00C04F79EFBC}") = "Semana5CRUD", "Semana5CRUD\Semana5CRUD.csproj", "{EF84F561-C54E-41BA-A134-F12B6FD40B6A}"
EndProject
Project("{FAE04EC0-301F-11D3-BF4B-00C04F79EFBC}") = "Business", "Business\Business.csproj", "{DCEF735B-3048-471C-9AB8-63401D5AA62E}"
EndProject
Project("{FAE04EC0-301F-11D3-BF4B-00C04F79EFBC}") = "Data", "Data\Data.csproj", "{5BA6DC06-2A28-40A2-B138-40BE49C7E4ED}"
EndProject
Project("{FAE04EC0-301F-11D3-BF4B-00C04F79EFBC}") = "Entity", "Entity\Entity.csproj", "{3C5AFE4C-B4A3-41FE-8A10-E1021688A8CE}"
EndProject
Global
	GlobalSection(SolutionConfigurationPlatforms) = preSolution
		Debug|Any CPU = Debug|Any CPU
		Release|Any CPU = Release|Any CPU
	EndGlobalSection
	GlobalSection(ProjectConfigurationPlatforms) = postSolution
		{EF84F561-C54E-41BA-A134-F12B6FD40B6A}.Debug|Any CPU.ActiveCfg = Debug|Any CPU
		{EF84F561-C54E-41BA-A134-F12B6FD40B6A}.Debug|Any CPU.Build.0 = Debug|Any CPU
		{EF84F561-C54E-41BA-A134-F12B6FD40B6A}.Release|Any CPU.ActiveCfg = Release|Any CPU
		{EF84F561-C54E-41BA-A134-F12B6FD40B6A}.Release|Any CPU.Build.0 = Release|Any CPU
		{DCEF735B-3048-471C-9AB8-63401D5AA62E}.Debug|Any CPU.ActiveCfg = Debug|Any CPU
		{DCEF735B-3048-471C-9AB8-63401D5AA62E}.Debug|Any CPU.Build.0 = Debug|Any CPU
		{DCEF735B-3048-471C-9AB8-63401D5AA62E}.Release|Any CPU.ActiveCfg = Release|Any CPU
		{DCEF735B-3048-471C-9AB8-63401D5AA62E}.Release|Any CPU.Build.0 = Release|Any CPU
		{5BA6DC06-2A28-40A2-B138-40BE49C7E4ED}.Debug|Any CPU.ActiveCfg = Debug|Any CPU
		{5BA6DC06-2A28-40A2-B138-40BE49C7E4ED}.Debug|Any CPU.Build.0 = Debug|Any CPU
		{5BA6DC06-2A28-40A2-B138-40BE49C7E4ED}.Release|Any CPU.ActiveCfg = Release|Any CPU
		{5BA6DC06-2A28-40A2-B138-40BE49C7E4ED}.Release|Any CPU.Build.0 = Release|Any CPU
		{3C5AFE4C-B4A3-41FE-8A10-E1021688A8CE}.Debug|Any CPU.ActiveCfg = Debug|Any CPU
		{3C5AFE4C-B4A3-41FE-8A10-E1021688A8CE}.Debug|Any CPU.Build.0 = Debug|Any CPU
		{3C5AFE4C-B4A3-41FE-8A10-E1021688A8CE}.Release|Any CPU.ActiveCfg = Release|Any CPU
		{3C5AFE4C-B4A3-41FE-8A10-E1021688A8CE}.Release|Any CPU.Build.0 = Release|Any CPU
	EndGlobalSection
	GlobalSection(SolutionProperties) = preSolution
		HideSolutionNode = FALSE
	EndGlobalSection
	GlobalSection(ExtensibilityGlobals) = postSolution
		SolutionGuid = {C86EAA29-C59B-4085-8B33-4B91E8A2D2C2}
	EndGlobalSection
EndGlobal
